<?xml version="1.0" encoding="utf-8"?>
<Project ToolsVersion="4.0" xmlns="http://schemas.microsoft.com/developer/msbuild/2003">
  <ItemGroup>
    <Filter Include="Source Files">
      <UniqueIdentifier>{4FC737F1-C7A5-4376-A066-2A32D752A2FF}</UniqueIdentifier>
      <Extensions>cpp;c;cc;cxx;def;odl;idl;hpj;bat;asm;asmx</Extensions>
    </Filter>
    <Filter Include="Header Files">
      <UniqueIdentifier>{93995380-89BD-4b04-88EB-625FBE52EBFB}</UniqueIdentifier>
      <Extensions>h;hh;hpp;hxx;hm;inl;inc;xsd</Extensions>
    </Filter>
    <Filter Include="Resource Files">
      <UniqueIdentifier>{67DA6AB6-F800-4c08-8B7A-83BB121AAD01}</UniqueIdentifier>
      <Extensions>qrc;rc;ico;cur;bmp;dlg;rc2;rct;bin;rgs;gif;jpg;jpeg;jpe;resx;tiff;tif;png;wav;mfcribbon-ms</Extensions>
    </Filter>
    <Filter Include="Form Files">
      <UniqueIdentifier>{99349809-55BA-4b9d-BF79-8FDBB0286EB3}</UniqueIdentifier>
      <Extensions>ui</Extensions>
    </Filter>
    <Filter Include="Translation Files">
      <UniqueIdentifier>{639EADAA-A684-42e4-A9AD-28FC9BCB8F7C}</UniqueIdentifier>
      <Extensions>ts</Extensions>
    </Filter>
  </ItemGroup>
  <ItemGroup>
    <QtRcc Include="QtWidgetsApplication1.qrc">
      <Filter>Resource Files</Filter>
    </QtRcc>
    <QtUic Include="QtWidgetsApplication1.ui">
      <Filter>Form Files</Filter>
    </QtUic>
    <QtMoc Include="QtWidgetsApplication1.h">
      <Filter>Header Files</Filter>
    </QtMoc>
    <ClCompile Include="QtWidgetsApplication1.cpp">
      <Filter>Source Files</Filter>
    </ClCompile>
  </ItemGroup>
  <ItemGroup>
    <ClCompile Include="main.cpp">
      <Filter>Source Files</Filter>
    </ClCompile>
    <ClCompile Include="..\untitled\Compare.cpp">
      <Filter>Source Files</Filter>
    </ClCompile>
    <ClCompile Include="..\untitled\Domain.cpp">
      <Filter>Source Files</Filter>
    </ClCompile>
    <ClCompile Include="..\untitled\FileRepository.cpp">
      <Filter>Source Files</Filter>
    </ClCompile>
    <ClCompile Include="..\untitled\Filters.cpp">
      <Filter>Source Files</Filter>
    </ClCompile>
    <ClCompile Include="..\untitled\GUI.cpp">
      <Filter>Source Files</Filter>
    </ClCompile>
    <ClCompile Include="..\untitled\ModelView.cpp">
      <Filter>Source Files</Filter>
    </ClCompile>
    <ClCompile Include="..\untitled\RepoLab.cpp">
      <Filter>Source Files</Filter>
    </ClCompile>
    <ClCompile Include="..\untitled\Repository.cpp">
      <Filter>Source Files</Filter>
    </ClCompile>
    <ClCompile Include="..\untitled\Run.cpp">
      <Filter>Source Files</Filter>
    </ClCompile>
    <ClCompile Include="..\untitled\Service.cpp">
      <Filter>Source Files</Filter>
    </ClCompile>
    <ClCompile Include="..\untitled\Tests.cpp">
      <Filter>Source Files</Filter>
    </ClCompile>
    <ClCompile Include="..\untitled\UI.cpp">
      <Filter>Source Files</Filter>
    </ClCompile>
    <ClCompile Include="..\untitled\Validators.cpp">
      <Filter>Source Files</Filter>
    </ClCompile>
    <ClCompile Include="..\untitled\Wishlist.cpp">
      <Filter>Source Files</Filter>
    </ClCompile>
    <ClCompile Include="..\untitled\Wishlist_GUI.cpp">
      <Filter>Source Files</Filter>
    </ClCompile>
    <ClCompile Include="..\untitled\Wishlist_Read_Only_GUI.cpp">
      <Filter>Source Files</Filter>
    </ClCompile>
  </ItemGroup>
  <ItemGroup>
    <ClInclude Include="..\untitled\AbstractRepo.h">
      <Filter>Source Files</Filter>
    </ClInclude>
    <ClInclude Include="..\untitled\Compare.h">
      <Filter>Source Files</Filter>
    </ClInclude>
    <ClInclude Include="..\untitled\Domain.h">
      <Filter>Source Files</Filter>
    </ClInclude>
    <ClInclude Include="..\untitled\DynamicArray.h">
      <Filter>Source Files</Filter>
    </ClInclude>
    <ClInclude Include="..\untitled\FileRepository.h">
      <Filter>Source Files</Filter>
    </ClInclude>
    <ClInclude Include="..\untitled\Filters.h">
      <Filter>Source Files</Filter>
    </ClInclude>
    <ClInclude Include="..\untitled\GUI.h">
      <Filter>Source Files</Filter>
    </ClInclude>
    <ClInclude Include="..\untitled\Iterator.h">
      <Filter>Source Files</Filter>
    </ClInclude>
    <ClInclude Include="..\untitled\ModelView.h">
      <Filter>Source Files</Filter>
    </ClInclude>
    <ClInclude Include="..\untitled\Observer.h">
      <Filter>Source Files</Filter>
    </ClInclude>
    <ClInclude Include="..\untitled\RepoLab.h">
      <Filter>Source Files</Filter>
    </ClInclude>
    <ClInclude Include="..\untitled\Repository.h">
      <Filter>Source Files</Filter>
    </ClInclude>
    <ClInclude Include="..\untitled\Service.h">
      <Filter>Source Files</Filter>
    </ClInclude>
    <ClInclude Include="..\untitled\Tests.h">
      <Filter>Source Files</Filter>
    </ClInclude>
    <ClInclude Include="..\untitled\UI.h">
      <Filter>Source Files</Filter>
    </ClInclude>
    <ClInclude Include="..\untitled\Undo.h">
      <Filter>Source Files</Filter>
    </ClInclude>
    <ClInclude Include="..\untitled\Validators.h">
      <Filter>Source Files</Filter>
    </ClInclude>
    <ClInclude Include="..\untitled\Wishlist.h">
      <Filter>Source Files</Filter>
    </ClInclude>
    <ClInclude Include="..\untitled\Wishlist_GUI.h">
      <Filter>Source Files</Filter>
    </ClInclude>
    <ClInclude Include="..\untitled\Wishlist_Read_Only_GUI.h">
      <Filter>Source Files</Filter>
    </ClInclude>
  </ItemGroup>
  <ItemGroup>
    <Text Include="..\untitled\repo.txt">
      <Filter>Source Files</Filter>
    </Text>
    <Text Include="..\untitled\test.txt">
      <Filter>Source Files</Filter>
    </Text>
  </ItemGroup>
</Project>